// !$*UTF8*$!
{
	archiveVersion = 1;
	classes = {
	};
	objectVersion = 50;
	objects = {

/* Begin PBXBuildFile section */
		2B92D4C2623C187137D28141 /* Pods_bloodHelper.framework in Frameworks */ = {isa = PBXBuildFile; fileRef = E4BB0092835C00AB2519A789 /* Pods_bloodHelper.framework */; };
		6512CFBD226EBB7B007CD510 /* AppDelegate.swift in Sources */ = {isa = PBXBuildFile; fileRef = 6512CFBC226EBB7B007CD510 /* AppDelegate.swift */; };
		6512CFC4226EBB7F007CD510 /* Assets.xcassets in Resources */ = {isa = PBXBuildFile; fileRef = 6512CFC3226EBB7F007CD510 /* Assets.xcassets */; };
		6512CFC7226EBB7F007CD510 /* LaunchScreen.storyboard in Resources */ = {isa = PBXBuildFile; fileRef = 6512CFC5226EBB7F007CD510 /* LaunchScreen.storyboard */; };
		6512CFD2226EBB7F007CD510 /* bloodHelperTests.swift in Sources */ = {isa = PBXBuildFile; fileRef = 6512CFD1226EBB7F007CD510 /* bloodHelperTests.swift */; };
		6512CFDD226EBB7F007CD510 /* bloodHelperUITests.swift in Sources */ = {isa = PBXBuildFile; fileRef = 6512CFDC226EBB7F007CD510 /* bloodHelperUITests.swift */; };
		6512CFEB226EBCE6007CD510 /* Main.storyboard in Resources */ = {isa = PBXBuildFile; fileRef = 6512CFEA226EBCE6007CD510 /* Main.storyboard */; };
		656D3C55226F071B00472776 /* UITableTool.swift in Sources */ = {isa = PBXBuildFile; fileRef = 656D3C54226F071B00472776 /* UITableTool.swift */; };
		656D3C57226F071F00472776 /* patientPersonalViewController.swift in Sources */ = {isa = PBXBuildFile; fileRef = 656D3C56226F071F00472776 /* patientPersonalViewController.swift */; };
		656D3C5B226F072600472776 /* patientVisitViewController.swift in Sources */ = {isa = PBXBuildFile; fileRef = 656D3C58226F072500472776 /* patientVisitViewController.swift */; };
		656D3C5C226F072600472776 /* patientNormalViewController.swift in Sources */ = {isa = PBXBuildFile; fileRef = 656D3C59226F072600472776 /* patientNormalViewController.swift */; };
		656D3C5D226F072600472776 /* patientInfoViewController.swift in Sources */ = {isa = PBXBuildFile; fileRef = 656D3C5A226F072600472776 /* patientInfoViewController.swift */; };
		656D3C62226F073000472776 /* patientNormalChangeViewController.swift in Sources */ = {isa = PBXBuildFile; fileRef = 656D3C5E226F072F00472776 /* patientNormalChangeViewController.swift */; };
		656D3C63226F073000472776 /* doctorViewController.swift in Sources */ = {isa = PBXBuildFile; fileRef = 656D3C5F226F072F00472776 /* doctorViewController.swift */; };
		656D3C64226F073000472776 /* patientChangedViewController.swift in Sources */ = {isa = PBXBuildFile; fileRef = 656D3C60226F072F00472776 /* patientChangedViewController.swift */; };
		656D3C65226F073000472776 /* patientViewController.swift in Sources */ = {isa = PBXBuildFile; fileRef = 656D3C61226F073000472776 /* patientViewController.swift */; };
/* End PBXBuildFile section */

/* Begin PBXContainerItemProxy section */
		6512CFCE226EBB7F007CD510 /* PBXContainerItemProxy */ = {
			isa = PBXContainerItemProxy;
			containerPortal = 6512CFB1226EBB7B007CD510 /* Project object */;
			proxyType = 1;
			remoteGlobalIDString = 6512CFB8226EBB7B007CD510;
			remoteInfo = bloodHelper;
		};
		6512CFD9226EBB7F007CD510 /* PBXContainerItemProxy */ = {
			isa = PBXContainerItemProxy;
			containerPortal = 6512CFB1226EBB7B007CD510 /* Project object */;
			proxyType = 1;
			remoteGlobalIDString = 6512CFB8226EBB7B007CD510;
			remoteInfo = bloodHelper;
		};
/* End PBXContainerItemProxy section */

/* Begin PBXFileReference section */
		4CCFA5F3D4D9C47BF8679850 /* Pods-bloodHelper.debug.xcconfig */ = {isa = PBXFileReference; includeInIndex = 1; lastKnownFileType = text.xcconfig; name = "Pods-bloodHelper.debug.xcconfig"; path = "Target Support Files/Pods-bloodHelper/Pods-bloodHelper.debug.xcconfig"; sourceTree = "<group>"; };
		5EEF226CB1B7E0DB9481AD32 /* Pods-bloodHelper.release.xcconfig */ = {isa = PBXFileReference; includeInIndex = 1; lastKnownFileType = text.xcconfig; name = "Pods-bloodHelper.release.xcconfig"; path = "Target Support Files/Pods-bloodHelper/Pods-bloodHelper.release.xcconfig"; sourceTree = "<group>"; };
		6512CFB9226EBB7B007CD510 /* bloodHelper.app */ = {isa = PBXFileReference; explicitFileType = wrapper.application; includeInIndex = 0; path = bloodHelper.app; sourceTree = BUILT_PRODUCTS_DIR; };
		6512CFBC226EBB7B007CD510 /* AppDelegate.swift */ = {isa = PBXFileReference; lastKnownFileType = sourcecode.swift; path = AppDelegate.swift; sourceTree = "<group>"; };
		6512CFC3226EBB7F007CD510 /* Assets.xcassets */ = {isa = PBXFileReference; lastKnownFileType = folder.assetcatalog; path = Assets.xcassets; sourceTree = "<group>"; };
		6512CFC6226EBB7F007CD510 /* Base */ = {isa = PBXFileReference; lastKnownFileType = file.storyboard; name = Base; path = Base.lproj/LaunchScreen.storyboard; sourceTree = "<group>"; };
		6512CFC8226EBB7F007CD510 /* Info.plist */ = {isa = PBXFileReference; lastKnownFileType = text.plist.xml; path = Info.plist; sourceTree = "<group>"; };
		6512CFCD226EBB7F007CD510 /* bloodHelperTests.xctest */ = {isa = PBXFileReference; explicitFileType = wrapper.cfbundle; includeInIndex = 0; path = bloodHelperTests.xctest; sourceTree = BUILT_PRODUCTS_DIR; };
		6512CFD1226EBB7F007CD510 /* bloodHelperTests.swift */ = {isa = PBXFileReference; lastKnownFileType = sourcecode.swift; path = bloodHelperTests.swift; sourceTree = "<group>"; };
		6512CFD3226EBB7F007CD510 /* Info.plist */ = {isa = PBXFileReference; lastKnownFileType = text.plist.xml; path = Info.plist; sourceTree = "<group>"; };
		6512CFD8226EBB7F007CD510 /* bloodHelperUITests.xctest */ = {isa = PBXFileReference; explicitFileType = wrapper.cfbundle; includeInIndex = 0; path = bloodHelperUITests.xctest; sourceTree = BUILT_PRODUCTS_DIR; };
		6512CFDC226EBB7F007CD510 /* bloodHelperUITests.swift */ = {isa = PBXFileReference; lastKnownFileType = sourcecode.swift; path = bloodHelperUITests.swift; sourceTree = "<group>"; };
		6512CFDE226EBB7F007CD510 /* Info.plist */ = {isa = PBXFileReference; lastKnownFileType = text.plist.xml; path = Info.plist; sourceTree = "<group>"; };
		6512CFEA226EBCE6007CD510 /* Main.storyboard */ = {isa = PBXFileReference; fileEncoding = 4; lastKnownFileType = file.storyboard; path = Main.storyboard; sourceTree = "<group>"; };
		656D3C54226F071B00472776 /* UITableTool.swift */ = {isa = PBXFileReference; lastKnownFileType = sourcecode.swift; path = UITableTool.swift; sourceTree = "<group>"; };
		656D3C56226F071F00472776 /* patientPersonalViewController.swift */ = {isa = PBXFileReference; lastKnownFileType = sourcecode.swift; path = patientPersonalViewController.swift; sourceTree = "<group>"; };
		656D3C58226F072500472776 /* patientVisitViewController.swift */ = {isa = PBXFileReference; lastKnownFileType = sourcecode.swift; path = patientVisitViewController.swift; sourceTree = "<group>"; };
		656D3C59226F072600472776 /* patientNormalViewController.swift */ = {isa = PBXFileReference; lastKnownFileType = sourcecode.swift; path = patientNormalViewController.swift; sourceTree = "<group>"; };
		656D3C5A226F072600472776 /* patientInfoViewController.swift */ = {isa = PBXFileReference; lastKnownFileType = sourcecode.swift; path = patientInfoViewController.swift; sourceTree = "<group>"; };
		656D3C5E226F072F00472776 /* patientNormalChangeViewController.swift */ = {isa = PBXFileReference; lastKnownFileType = sourcecode.swift; path = patientNormalChangeViewController.swift; sourceTree = "<group>"; };
		656D3C5F226F072F00472776 /* doctorViewController.swift */ = {isa = PBXFileReference; lastKnownFileType = sourcecode.swift; path = doctorViewController.swift; sourceTree = "<group>"; };
		656D3C60226F072F00472776 /* patientChangedViewController.swift */ = {isa = PBXFileReference; lastKnownFileType = sourcecode.swift; path = patientChangedViewController.swift; sourceTree = "<group>"; };
		656D3C61226F073000472776 /* patientViewController.swift */ = {isa = PBXFileReference; lastKnownFileType = sourcecode.swift; path = patientViewController.swift; sourceTree = "<group>"; };
		E4BB0092835C00AB2519A789 /* Pods_bloodHelper.framework */ = {isa = PBXFileReference; explicitFileType = wrapper.framework; includeInIndex = 0; path = Pods_bloodHelper.framework; sourceTree = BUILT_PRODUCTS_DIR; };
/* End PBXFileReference section */

/* Begin PBXFrameworksBuildPhase section */
		6512CFB6226EBB7B007CD510 /* Frameworks */ = {
			isa = PBXFrameworksBuildPhase;
			buildActionMask = 2147483647;
			files = (
				2B92D4C2623C187137D28141 /* Pods_bloodHelper.framework in Frameworks */,
			);
			runOnlyForDeploymentPostprocessing = 0;
		};
		6512CFCA226EBB7F007CD510 /* Frameworks */ = {
			isa = PBXFrameworksBuildPhase;
			buildActionMask = 2147483647;
			files = (
			);
			runOnlyForDeploymentPostprocessing = 0;
		};
		6512CFD5226EBB7F007CD510 /* Frameworks */ = {
			isa = PBXFrameworksBuildPhase;
			buildActionMask = 2147483647;
			files = (
			);
			runOnlyForDeploymentPostprocessing = 0;
		};
/* End PBXFrameworksBuildPhase section */

/* Begin PBXGroup section */
		6512CFB0226EBB7B007CD510 = {
			isa = PBXGroup;
			children = (
				6512CFBB226EBB7B007CD510 /* bloodHelper */,
				6512CFD0226EBB7F007CD510 /* bloodHelperTests */,
				6512CFDB226EBB7F007CD510 /* bloodHelperUITests */,
				6512CFBA226EBB7B007CD510 /* Products */,
				C08159FF0EA2AC5564A8E8DE /* Pods */,
				E8AD3B0F99BB59AA68E57745 /* Frameworks */,
			);
			sourceTree = "<group>";
		};
		6512CFBA226EBB7B007CD510 /* Products */ = {
			isa = PBXGroup;
			children = (
				6512CFB9226EBB7B007CD510 /* bloodHelper.app */,
				6512CFCD226EBB7F007CD510 /* bloodHelperTests.xctest */,
				6512CFD8226EBB7F007CD510 /* bloodHelperUITests.xctest */,
			);
			name = Products;
			sourceTree = "<group>";
		};
		6512CFBB226EBB7B007CD510 /* bloodHelper */ = {
			isa = PBXGroup;
			children = (
				656D3C69226F076B00472776 /* patient */,
				656D3C68226F075F00472776 /* doctor */,
				656D3C67226F074A00472776 /* personal */,
				656D3C66226F073D00472776 /* tool */,
				6512CFBC226EBB7B007CD510 /* AppDelegate.swift */,
				6512CFEA226EBCE6007CD510 /* Main.storyboard */,
				6512CFC3226EBB7F007CD510 /* Assets.xcassets */,
				6512CFC5226EBB7F007CD510 /* LaunchScreen.storyboard */,
				6512CFC8226EBB7F007CD510 /* Info.plist */,
			);
			path = bloodHelper;
			sourceTree = "<group>";
		};
		6512CFD0226EBB7F007CD510 /* bloodHelperTests */ = {
			isa = PBXGroup;
			children = (
				6512CFD1226EBB7F007CD510 /* bloodHelperTests.swift */,
				6512CFD3226EBB7F007CD510 /* Info.plist */,
			);
			path = bloodHelperTests;
			sourceTree = "<group>";
		};
		6512CFDB226EBB7F007CD510 /* bloodHelperUITests */ = {
			isa = PBXGroup;
			children = (
				6512CFDC226EBB7F007CD510 /* bloodHelperUITests.swift */,
				6512CFDE226EBB7F007CD510 /* Info.plist */,
			);
			path = bloodHelperUITests;
			sourceTree = "<group>";
		};
		656D3C66226F073D00472776 /* tool */ = {
			isa = PBXGroup;
			children = (
				656D3C54226F071B00472776 /* UITableTool.swift */,
			);
			path = tool;
			sourceTree = "<group>";
		};
		656D3C67226F074A00472776 /* personal */ = {
			isa = PBXGroup;
			children = (
				656D3C56226F071F00472776 /* patientPersonalViewController.swift */,
				656D3C59226F072600472776 /* patientNormalViewController.swift */,
				656D3C5A226F072600472776 /* patientInfoViewController.swift */,
				656D3C58226F072500472776 /* patientVisitViewController.swift */,
			);
			path = personal;
			sourceTree = "<group>";
		};
		656D3C68226F075F00472776 /* doctor */ = {
			isa = PBXGroup;
			children = (
				656D3C5F226F072F00472776 /* doctorViewController.swift */,
			);
			path = doctor;
			sourceTree = "<group>";
		};
		656D3C69226F076B00472776 /* patient */ = {
			isa = PBXGroup;
			children = (
				656D3C5E226F072F00472776 /* patientNormalChangeViewController.swift */,
				656D3C60226F072F00472776 /* patientChangedViewController.swift */,
				656D3C61226F073000472776 /* patientViewController.swift */,
			);
			path = patient;
			sourceTree = "<group>";
		};
		C08159FF0EA2AC5564A8E8DE /* Pods */ = {
			isa = PBXGroup;
			children = (
				4CCFA5F3D4D9C47BF8679850 /* Pods-bloodHelper.debug.xcconfig */,
				5EEF226CB1B7E0DB9481AD32 /* Pods-bloodHelper.release.xcconfig */,
			);
			path = Pods;
			sourceTree = "<group>";
		};
		E8AD3B0F99BB59AA68E57745 /* Frameworks */ = {
			isa = PBXGroup;
			children = (
				E4BB0092835C00AB2519A789 /* Pods_bloodHelper.framework */,
			);
			name = Frameworks;
			sourceTree = "<group>";
		};
/* End PBXGroup section */

/* Begin PBXNativeTarget section */
		6512CFB8226EBB7B007CD510 /* bloodHelper */ = {
			isa = PBXNativeTarget;
			buildConfigurationList = 6512CFE1226EBB7F007CD510 /* Build configuration list for PBXNativeTarget "bloodHelper" */;
			buildPhases = (
				161AFB99DE5F029025C2211D /* [CP] Check Pods Manifest.lock */,
				6512CFB5226EBB7B007CD510 /* Sources */,
				6512CFB6226EBB7B007CD510 /* Frameworks */,
				6512CFB7226EBB7B007CD510 /* Resources */,
				88A565CE398F616FFB09796B /* [CP] Embed Pods Frameworks */,
			);
			buildRules = (
			);
			dependencies = (
			);
			name = bloodHelper;
			productName = bloodHelper;
			productReference = 6512CFB9226EBB7B007CD510 /* bloodHelper.app */;
			productType = "com.apple.product-type.application";
		};
		6512CFCC226EBB7F007CD510 /* bloodHelperTests */ = {
			isa = PBXNativeTarget;
			buildConfigurationList = 6512CFE4226EBB7F007CD510 /* Build configuration list for PBXNativeTarget "bloodHelperTests" */;
			buildPhases = (
				6512CFC9226EBB7F007CD510 /* Sources */,
				6512CFCA226EBB7F007CD510 /* Frameworks */,
				6512CFCB226EBB7F007CD510 /* Resources */,
			);
			buildRules = (
			);
			dependencies = (
				6512CFCF226EBB7F007CD510 /* PBXTargetDependency */,
			);
			name = bloodHelperTests;
			productName = bloodHelperTests;
			productReference = 6512CFCD226EBB7F007CD510 /* bloodHelperTests.xctest */;
			productType = "com.apple.product-type.bundle.unit-test";
		};
		6512CFD7226EBB7F007CD510 /* bloodHelperUITests */ = {
			isa = PBXNativeTarget;
			buildConfigurationList = 6512CFE7226EBB7F007CD510 /* Build configuration list for PBXNativeTarget "bloodHelperUITests" */;
			buildPhases = (
				6512CFD4226EBB7F007CD510 /* Sources */,
				6512CFD5226EBB7F007CD510 /* Frameworks */,
				6512CFD6226EBB7F007CD510 /* Resources */,
			);
			buildRules = (
			);
			dependencies = (
				6512CFDA226EBB7F007CD510 /* PBXTargetDependency */,
			);
			name = bloodHelperUITests;
			productName = bloodHelperUITests;
			productReference = 6512CFD8226EBB7F007CD510 /* bloodHelperUITests.xctest */;
			productType = "com.apple.product-type.bundle.ui-testing";
		};
/* End PBXNativeTarget section */

/* Begin PBXProject section */
		6512CFB1226EBB7B007CD510 /* Project object */ = {
			isa = PBXProject;
			attributes = {
				LastSwiftUpdateCheck = 1010;
				LastUpgradeCheck = 1010;
				ORGANIZATIONNAME = "小福";
				TargetAttributes = {
					6512CFB8226EBB7B007CD510 = {
						CreatedOnToolsVersion = 10.1;
					};
					6512CFCC226EBB7F007CD510 = {
						CreatedOnToolsVersion = 10.1;
						TestTargetID = 6512CFB8226EBB7B007CD510;
					};
					6512CFD7226EBB7F007CD510 = {
						CreatedOnToolsVersion = 10.1;
						TestTargetID = 6512CFB8226EBB7B007CD510;
					};
				};
			};
			buildConfigurationList = 6512CFB4226EBB7B007CD510 /* Build configuration list for PBXProject "bloodHelper" */;
			compatibilityVersion = "Xcode 9.3";
			developmentRegion = en;
			hasScannedForEncodings = 0;
			knownRegions = (
				en,
				Base,
			);
			mainGroup = 6512CFB0226EBB7B007CD510;
			productRefGroup = 6512CFBA226EBB7B007CD510 /* Products */;
			projectDirPath = "";
			projectRoot = "";
			targets = (
				6512CFB8226EBB7B007CD510 /* bloodHelper */,
				6512CFCC226EBB7F007CD510 /* bloodHelperTests */,
				6512CFD7226EBB7F007CD510 /* bloodHelperUITests */,
			);
		};
/* End PBXProject section */

/* Begin PBXResourcesBuildPhase section */
		6512CFB7226EBB7B007CD510 /* Resources */ = {
			isa = PBXResourcesBuildPhase;
			buildActionMask = 2147483647;
			files = (
				6512CFEB226EBCE6007CD510 /* Main.storyboard in Resources */,
				6512CFC7226EBB7F007CD510 /* LaunchScreen.storyboard in Resources */,
				6512CFC4226EBB7F007CD510 /* Assets.xcassets in Resources */,
			);
			runOnlyForDeploymentPostprocessing = 0;
		};
		6512CFCB226EBB7F007CD510 /* Resources */ = {
			isa = PBXResourcesBuildPhase;
			buildActionMask = 2147483647;
			files = (
			);
			runOnlyForDeploymentPostprocessing = 0;
		};
		6512CFD6226EBB7F007CD510 /* Resources */ = {
			isa = PBXResourcesBuildPhase;
			buildActionMask = 2147483647;
			files = (
			);
			runOnlyForDeploymentPostprocessing = 0;
		};
/* End PBXResourcesBuildPhase section */

/* Begin PBXShellScriptBuildPhase section */
		161AFB99DE5F029025C2211D /* [CP] Check Pods Manifest.lock */ = {
			isa = PBXShellScriptBuildPhase;
			buildActionMask = 2147483647;
			files = (
			);
			inputFileListPaths = (
			);
			inputPaths = (
				"${PODS_PODFILE_DIR_PATH}/Podfile.lock",
				"${PODS_ROOT}/Manifest.lock",
			);
			name = "[CP] Check Pods Manifest.lock";
			outputFileListPaths = (
			);
			outputPaths = (
				"$(DERIVED_FILE_DIR)/Pods-bloodHelper-checkManifestLockResult.txt",
			);
			runOnlyForDeploymentPostprocessing = 0;
			shellPath = /bin/sh;
			shellScript = "diff \"${PODS_PODFILE_DIR_PATH}/Podfile.lock\" \"${PODS_ROOT}/Manifest.lock\" > /dev/null\nif [ $? != 0 ] ; then\n    # print error to STDERR\n    echo \"error: The sandbox is not in sync with the Podfile.lock. Run 'pod install' or update your CocoaPods installation.\" >&2\n    exit 1\nfi\n# This output is used by Xcode 'outputs' to avoid re-running this script phase.\necho \"SUCCESS\" > \"${SCRIPT_OUTPUT_FILE_0}\"\n";
			showEnvVarsInLog = 0;
		};
		88A565CE398F616FFB09796B /* [CP] Embed Pods Frameworks */ = {
			isa = PBXShellScriptBuildPhase;
			buildActionMask = 2147483647;
			files = (
			);
			inputFileListPaths = (
			);
			inputPaths = (
				"${PODS_ROOT}/Target Support Files/Pods-bloodHelper/Pods-bloodHelper-frameworks.sh",
				"${BUILT_PRODUCTS_DIR}/Kingfisher/Kingfisher.framework",
				"${BUILT_PRODUCTS_DIR}/LLCycleScrollView/LLCycleScrollView.framework",
				"${BUILT_PRODUCTS_DIR}/SnapKit/SnapKit.framework",
			);
			name = "[CP] Embed Pods Frameworks";
			outputFileListPaths = (
			);
			outputPaths = (
				"${TARGET_BUILD_DIR}/${FRAMEWORKS_FOLDER_PATH}/Kingfisher.framework",
				"${TARGET_BUILD_DIR}/${FRAMEWORKS_FOLDER_PATH}/LLCycleScrollView.framework",
				"${TARGET_BUILD_DIR}/${FRAMEWORKS_FOLDER_PATH}/SnapKit.framework",
			);
			runOnlyForDeploymentPostprocessing = 0;
			shellPath = /bin/sh;
			shellScript = "\"${PODS_ROOT}/Target Support Files/Pods-bloodHelper/Pods-bloodHelper-frameworks.sh\"\n";
			showEnvVarsInLog = 0;
		};
/* End PBXShellScriptBuildPhase section */

/* Begin PBXSourcesBuildPhase section */
		6512CFB5226EBB7B007CD510 /* Sources */ = {
			isa = PBXSourcesBuildPhase;
			buildActionMask = 2147483647;
			files = (
				656D3C64226F073000472776 /* patientChangedViewController.swift in Sources */,
				656D3C5D226F072600472776 /* patientInfoViewController.swift in Sources */,
				656D3C57226F071F00472776 /* patientPersonalViewController.swift in Sources */,
				656D3C65226F073000472776 /* patientViewController.swift in Sources */,
				656D3C63226F073000472776 /* doctorViewController.swift in Sources */,
				656D3C62226F073000472776 /* patientNormalChangeViewController.swift in Sources */,
				656D3C55226F071B00472776 /* UITableTool.swift in Sources */,
				656D3C5B226F072600472776 /* patientVisitViewController.swift in Sources */,
				6512CFBD226EBB7B007CD510 /* AppDelegate.swift in Sources */,
				656D3C5C226F072600472776 /* patientNormalViewController.swift in Sources */,
			);
			runOnlyForDeploymentPostprocessing = 0;
		};
		6512CFC9226EBB7F007CD510 /* Sources */ = {
			isa = PBXSourcesBuildPhase;
			buildActionMask = 2147483647;
			files = (
				6512CFD2226EBB7F007CD510 /* bloodHelperTests.swift in Sources */,
			);
			runOnlyForDeploymentPostprocessing = 0;
		};
		6512CFD4226EBB7F007CD510 /* Sources */ = {
			isa = PBXSourcesBuildPhase;
			buildActionMask = 2147483647;
			files = (
				6512CFDD226EBB7F007CD510 /* bloodHelperUITests.swift in Sources */,
			);
			runOnlyForDeploymentPostprocessing = 0;
		};
/* End PBXSourcesBuildPhase section */

/* Begin PBXTargetDependency section */
		6512CFCF226EBB7F007CD510 /* PBXTargetDependency */ = {
			isa = PBXTargetDependency;
			target = 6512CFB8226EBB7B007CD510 /* bloodHelper */;
			targetProxy = 6512CFCE226EBB7F007CD510 /* PBXContainerItemProxy */;
		};
		6512CFDA226EBB7F007CD510 /* PBXTargetDependency */ = {
			isa = PBXTargetDependency;
			target = 6512CFB8226EBB7B007CD510 /* bloodHelper */;
			targetProxy = 6512CFD9226EBB7F007CD510 /* PBXContainerItemProxy */;
		};
/* End PBXTargetDependency section */

/* Begin PBXVariantGroup section */
		6512CFC5226EBB7F007CD510 /* LaunchScreen.storyboard */ = {
			isa = PBXVariantGroup;
			children = (
				6512CFC6226EBB7F007CD510 /* Base */,
			);
			name = LaunchScreen.storyboard;
			sourceTree = "<group>";
		};
/* End PBXVariantGroup section */

/* Begin XCBuildConfiguration section */
		6512CFDF226EBB7F007CD510 /* Debug */ = {
			isa = XCBuildConfiguration;
			buildSettings = {
				ALWAYS_SEARCH_USER_PATHS = NO;
				CLANG_ANALYZER_NONNULL = YES;
				CLANG_ANALYZER_NUMBER_OBJECT_CONVERSION = YES_AGGRESSIVE;
				CLANG_CXX_LANGUAGE_STANDARD = "gnu++14";
				CLANG_CXX_LIBRARY = "libc++";
				CLANG_ENABLE_MODULES = YES;
				CLANG_ENABLE_OBJC_ARC = YES;
				CLANG_ENABLE_OBJC_WEAK = YES;
				CLANG_WARN_BLOCK_CAPTURE_AUTORELEASING = YES;
				CLANG_WARN_BOOL_CONVERSION = YES;
				CLANG_WARN_COMMA = YES;
				CLANG_WARN_CONSTANT_CONVERSION = YES;
				CLANG_WARN_DEPRECATED_OBJC_IMPLEMENTATIONS = YES;
				CLANG_WARN_DIRECT_OBJC_ISA_USAGE = YES_ERROR;
				CLANG_WARN_DOCUMENTATION_COMMENTS = YES;
				CLANG_WARN_EMPTY_BODY = YES;
				CLANG_WARN_ENUM_CONVERSION = YES;
				CLANG_WARN_INFINITE_RECURSION = YES;
				CLANG_WARN_INT_CONVERSION = YES;
				CLANG_WARN_NON_LITERAL_NULL_CONVERSION = YES;
				CLANG_WARN_OBJC_IMPLICIT_RETAIN_SELF = YES;
				CLANG_WARN_OBJC_LITERAL_CONVERSION = YES;
				CLANG_WARN_OBJC_ROOT_CLASS = YES_ERROR;
				CLANG_WARN_RANGE_LOOP_ANALYSIS = YES;
				CLANG_WARN_STRICT_PROTOTYPES = YES;
				CLANG_WARN_SUSPICIOUS_MOVE = YES;
				CLANG_WARN_UNGUARDED_AVAILABILITY = YES_AGGRESSIVE;
				CLANG_WARN_UNREACHABLE_CODE = YES;
				CLANG_WARN__DUPLICATE_METHOD_MATCH = YES;
				CODE_SIGN_IDENTITY = "iPhone Developer";
				COPY_PHASE_STRIP = NO;
				DEBUG_INFORMATION_FORMAT = dwarf;
				ENABLE_STRICT_OBJC_MSGSEND = YES;
				ENABLE_TESTABILITY = YES;
				GCC_C_LANGUAGE_STANDARD = gnu11;
				GCC_DYNAMIC_NO_PIC = NO;
				GCC_NO_COMMON_BLOCKS = YES;
				GCC_OPTIMIZATION_LEVEL = 0;
				GCC_PREPROCESSOR_DEFINITIONS = (
					"DEBUG=1",
					"$(inherited)",
				);
				GCC_WARN_64_TO_32_BIT_CONVERSION = YES;
				GCC_WARN_ABOUT_RETURN_TYPE = YES_ERROR;
				GCC_WARN_UNDECLARED_SELECTOR = YES;
				GCC_WARN_UNINITIALIZED_AUTOS = YES_AGGRESSIVE;
				GCC_WARN_UNUSED_FUNCTION = YES;
				GCC_WARN_UNUSED_VARIABLE = YES;
				IPHONEOS_DEPLOYMENT_TARGET = 12.1;
				MTL_ENABLE_DEBUG_INFO = INCLUDE_SOURCE;
				MTL_FAST_MATH = YES;
				ONLY_ACTIVE_ARCH = YES;
				SDKROOT = iphoneos;
				SWIFT_ACTIVE_COMPILATION_CONDITIONS = DEBUG;
				SWIFT_OPTIMIZATION_LEVEL = "-Onone";
			};
			name = Debug;
		};
		6512CFE0226EBB7F007CD510 /* Release */ = {
			isa = XCBuildConfiguration;
			buildSettings = {
				ALWAYS_SEARCH_USER_PATHS = NO;
				CLANG_ANALYZER_NONNULL = YES;
				CLANG_ANALYZER_NUMBER_OBJECT_CONVERSION = YES_AGGRESSIVE;
				CLANG_CXX_LANGUAGE_STANDARD = "gnu++14";
				CLANG_CXX_LIBRARY = "libc++";
				CLANG_ENABLE_MODULES = YES;
				CLANG_ENABLE_OBJC_ARC = YES;
				CLANG_ENABLE_OBJC_WEAK = YES;
				CLANG_WARN_BLOCK_CAPTURE_AUTORELEASING = YES;
				CLANG_WARN_BOOL_CONVERSION = YES;
				CLANG_WARN_COMMA = YES;
				CLANG_WARN_CONSTANT_CONVERSION = YES;
				CLANG_WARN_DEPRECATED_OBJC_IMPLEMENTATIONS = YES;
				CLANG_WARN_DIRECT_OBJC_ISA_USAGE = YES_ERROR;
				CLANG_WARN_DOCUMENTATION_COMMENTS = YES;
				CLANG_WARN_EMPTY_BODY = YES;
				CLANG_WARN_ENUM_CONVERSION = YES;
				CLANG_WARN_INFINITE_RECURSION = YES;
				CLANG_WARN_INT_CONVERSION = YES;
				CLANG_WARN_NON_LITERAL_NULL_CONVERSION = YES;
				CLANG_WARN_OBJC_IMPLICIT_RETAIN_SELF = YES;
				CLANG_WARN_OBJC_LITERAL_CONVERSION = YES;
				CLANG_WARN_OBJC_ROOT_CLASS = YES_ERROR;
				CLANG_WARN_RANGE_LOOP_ANALYSIS = YES;
				CLANG_WARN_STRICT_PROTOTYPES = YES;
				CLANG_WARN_SUSPICIOUS_MOVE = YES;
				CLANG_WARN_UNGUARDED_AVAILABILITY = YES_AGGRESSIVE;
				CLANG_WARN_UNREACHABLE_CODE = YES;
				CLANG_WARN__DUPLICATE_METHOD_MATCH = YES;
				CODE_SIGN_IDENTITY = "iPhone Developer";
				COPY_PHASE_STRIP = NO;
				DEBUG_INFORMATION_FORMAT = "dwarf-with-dsym";
				ENABLE_NS_ASSERTIONS = NO;
				ENABLE_STRICT_OBJC_MSGSEND = YES;
				GCC_C_LANGUAGE_STANDARD = gnu11;
				GCC_NO_COMMON_BLOCKS = YES;
				GCC_WARN_64_TO_32_BIT_CONVERSION = YES;
				GCC_WARN_ABOUT_RETURN_TYPE = YES_ERROR;
				GCC_WARN_UNDECLARED_SELECTOR = YES;
				GCC_WARN_UNINITIALIZED_AUTOS = YES_AGGRESSIVE;
				GCC_WARN_UNUSED_FUNCTION = YES;
				GCC_WARN_UNUSED_VARIABLE = YES;
				IPHONEOS_DEPLOYMENT_TARGET = 12.1;
				MTL_ENABLE_DEBUG_INFO = NO;
				MTL_FAST_MATH = YES;
				SDKROOT = iphoneos;
				SWIFT_COMPILATION_MODE = wholemodule;
				SWIFT_OPTIMIZATION_LEVEL = "-O";
				VALIDATE_PRODUCT = YES;
			};
			name = Release;
		};
		6512CFE2226EBB7F007CD510 /* Debug */ = {
			isa = XCBuildConfiguration;
			baseConfigurationReference = 4CCFA5F3D4D9C47BF8679850 /* Pods-bloodHelper.debug.xcconfig */;
			buildSettings = {
				ASSETCATALOG_COMPILER_APPICON_NAME = AppIcon;
				CODE_SIGN_STYLE = Automatic;
				INFOPLIST_FILE = bloodHelper/Info.plist;
				IPHONEOS_DEPLOYMENT_TARGET = 10.0;
				LD_RUNPATH_SEARCH_PATHS = (
					"$(inherited)",
					"@executable_path/Frameworks",
				);
				PRODUCT_BUNDLE_IDENTIFIER = com.fuu.bloodHelper;
				PRODUCT_NAME = "$(TARGET_NAME)";
				SWIFT_VERSION = 4.0;
				TARGETED_DEVICE_FAMILY = "1,2";
			};
			name = Debug;
		};
		6512CFE3226EBB7F007CD510 /* Release */ = {
			isa = XCBuildConfiguration;
			baseConfigurationReference = 5EEF226CB1B7E0DB9481AD32 /* Pods-bloodHelper.release.xcconfig */;
			buildSettings = {
				ASSETCATALOG_COMPILER_APPICON_NAME = AppIcon;
				CODE_SIGN_STYLE = Automatic;
				INFOPLIST_FILE = bloodHelper/Info.plist;
				IPHONEOS_DEPLOYMENT_TARGET = 10.0;
				LD_RUNPATH_SEARCH_PATHS = (
					"$(inherited)",
					"@executable_path/Frameworks",
				);
				PRODUCT_BUNDLE_IDENTIFIER = com.fuu.bloodHelper;
				PRODUCT_NAME = "$(TARGET_NAME)";
				SWIFT_VERSION = 4.0;
				TARGETED_DEVICE_FAMILY = "1,2";
			};
			name = Release;
		};
		6512CFE5226EBB7F007CD510 /* Debug */ = {
			isa = XCBuildConfiguration;
			buildSettings = {
				ALWAYS_EMBED_SWIFT_STANDARD_LIBRARIES = YES;
				BUNDLE_LOADER = "$(TEST_HOST)";
				CODE_SIGN_STYLE = Automatic;
				INFOPLIST_FILE = bloodHelperTests/Info.plist;
				LD_RUNPATH_SEARCH_PATHS = (
					"$(inherited)",
					"@executable_path/Frameworks",
					"@loader_path/Frameworks",
				);
				PRODUCT_BUNDLE_IDENTIFIER = com.fuu.bloodHelperTests;
				PRODUCT_NAME = "$(TARGET_NAME)";
				SWIFT_VERSION = 4.2;
				TARGETED_DEVICE_FAMILY = "1,2";
				TEST_HOST = "$(BUILT_PRODUCTS_DIR)/bloodHelper.app/bloodHelper";
			};
			name = Debug;
		};
		6512CFE6226EBB7F007CD510 /* Release */ = {
			isa = XCBuildConfiguration;
			buildSettings = {
				ALWAYS_EMBED_SWIFT_STANDARD_LIBRARIES = YES;
				BUNDLE_LOADER = "$(TEST_HOST)";
				CODE_SIGN_STYLE = Automatic;
				INFOPLIST_FILE = bloodHelperTests/Info.plist;
				LD_RUNPATH_SEARCH_PATHS = (
					"$(inherited)",
					"@executable_path/Frameworks",
					"@loader_path/Frameworks",
				);
				PRODUCT_BUNDLE_IDENTIFIER = com.fuu.bloodHelperTests;
				PRODUCT_NAME = "$(TARGET_NAME)";
				SWIFT_VERSION = 4.2;
				TARGETED_DEVICE_FAMILY = "1,2";
				TEST_HOST = "$(BUILT_PRODUCTS_DIR)/bloodHelper.app/bloodHelper";
			};
			name = Release;
		};
		6512CFE8226EBB7F007CD510 /* Debug */ = {
			isa = XCBuildConfiguration;
			buildSettings = {
				ALWAYS_EMBED_SWIFT_STANDARD_LIBRARIES = YES;
				CODE_SIGN_STYLE = Automatic;
				INFOPLIST_FILE = bloodHelperUITests/Info.plist;
				LD_RUNPATH_SEARCH_PATHS = (
					"$(inherited)",
					"@executable_path/Frameworks",
					"@loader_path/Frameworks",
				);
				PRODUCT_BUNDLE_IDENTIFIER = com.fuu.bloodHelperUITests;
				PRODUCT_NAME = "$(TARGET_NAME)";
				SWIFT_VERSION = 4.2;
				TARGETED_DEVICE_FAMILY = "1,2";
				TEST_TARGET_NAME = bloodHelper;
			};
			name = Debug;
		};
		6512CFE9226EBB7F007CD510 /* Release */ = {
			isa = XCBuildConfiguration;
			buildSettings = {
				ALWAYS_EMBED_SWIFT_STANDARD_LIBRARIES = YES;
				CODE_SIGN_STYLE = Automatic;
				INFOPLIST_FILE = bloodHelperUITests/Info.plist;
				LD_RUNPATH_SEARCH_PATHS = (
					"$(inherited)",
					"@executable_path/Frameworks",
					"@loader_path/Frameworks",
				);
				PRODUCT_BUNDLE_IDENTIFIER = com.fuu.bloodHelperUITests;
				PRODUCT_NAME = "$(TARGET_NAME)";
				SWIFT_VERSION = 4.2;
				TARGETED_DEVICE_FAMILY = "1,2";
				TEST_TARGET_NAME = bloodHelper;
			};
			name = Release;
		};
/* End XCBuildConfiguration section */

/* Begin XCConfigurationList section */
		6512CFB4226EBB7B007CD510 /* Build configuration list for PBXProject "bloodHelper" */ = {
			isa = XCConfigurationList;
			buildConfigurations = (
				6512CFDF226EBB7F007CD510 /* Debug */,
				6512CFE0226EBB7F007CD510 /* Release */,
			);
			defaultConfigurationIsVisible = 0;
			defaultConfigurationName = Release;
		};
		6512CFE1226EBB7F007CD510 /* Build configuration list for PBXNativeTarget "bloodHelper" */ = {
			isa = XCConfigurationList;
			buildConfigurations = (
				6512CFE2226EBB7F007CD510 /* Debug */,
				6512CFE3226EBB7F007CD510 /* Release */,
			);
			defaultConfigurationIsVisible = 0;
			defaultConfigurationName = Release;
		};
		6512CFE4226EBB7F007CD510 /* Build configuration list for PBXNativeTarget "bloodHelperTests" */ = {
			isa = XCConfigurationList;
			buildConfigurations = (
				6512CFE5226EBB7F007CD510 /* Debug */,
				6512CFE6226EBB7F007CD510 /* Release */,
			);
			defaultConfigurationIsVisible = 0;
			defaultConfigurationName = Release;
		};
		6512CFE7226EBB7F007CD510 /* Build configuration list for PBXNativeTarget "bloodHelperUITests" */ = {
			isa = XCConfigurationList;
			buildConfigurations = (
				6512CFE8226EBB7F007CD510 /* Debug */,
				6512CFE9226EBB7F007CD510 /* Release */,
			);
			defaultConfigurationIsVisible = 0;
			defaultConfigurationName = Release;
		};
/* End XCConfigurationList section */
	};
	rootObject = 6512CFB1226EBB7B007CD510 /* Project object */;
}
