PODS:
  - Kingfisher (4.9.0)
  - LLCycleScrollView (1.4.9):
    - Kingfisher
  - SnapKit (4.0.1)

DEPENDENCIES:
  - Kingfisher (~> 4.9.0)
  - LLCycleScrollView (~> 1.4.0)
  - SnapKit (~> 4.0.0)

SPEC REPOS:
  https://github.com/cocoapods/specs.git:
    - Kingfisher
    - LLCycleScrollView
    - SnapKit

SPEC CHECKSUMS:
  Kingfisher: 64539b51826b778206daa6ed815d12653caa69dd
  LLCycleScrollView: fe4438b01970d0f07f514070e9abad5c3fed2aa6
  SnapKit: 0de968a9fec17499afa29683b05d0c775b6d1c29

PODFILE CHECKSUM: 4b188016eca6b2c05e447782a4e1fce79c741b50

COCOAPODS: 1.6.0.beta.2
